
Microsoft Visual Studio Solution File, Format Version 12.00
# Visual Studio 15
VisualStudioVersion = 15.0.28307.168
MinimumVisualStudioVersion = 10.0.40219.1
Project("{2150E333-8FDC-42A3-9474-1A3956D46DE8}") = "Week1", "Week1", "{28948D00-C7A7-4B2B-8001-42CB7325D41A}"
EndProject
Project("{9A19103F-16F7-4668-BE54-9A1E7A4F7556}") = "Week1Content", "Week1Content\Week1Content.csproj", "{C7C629AA-E90E-4B94-AD51-64CF32FFEE4A}"
EndProject
Project("{2150E333-8FDC-42A3-9474-1A3956D46DE8}") = "Week2", "Week2", "{5A80BDF5-4EF4-4D5A-A2B2-A753B03EA21B}"
EndProject
Project("{9A19103F-16F7-4668-BE54-9A1E7A4F7556}") = "Week1ContentTests", "Week1ContentTests\Week1ContentTests.csproj", "{81B9D473-4892-48CC-8C70-7E62D2AA1B85}"
EndProject
Project("{9A19103F-16F7-4668-BE54-9A1E7A4F7556}") = "Week2Content", "Week2Content\Week2Content.csproj", "{8E8AC959-3D80-4458-BE1D-AC1EC1E610ED}"
EndProject
Project("{FAE04EC0-301F-11D3-BF4B-00C04F79EFBC}") = "Week2LinqPart2", "Week2LinqPart2\Week2LinqPart2.csproj", "{335A2D91-1CD5-42D6-B3A6-F4B8DE0985BD}"
EndProject
Project("{FAE04EC0-301F-11D3-BF4B-00C04F79EFBC}") = "Week2LinqPart3", "Week2LinqPart3\Week2LinqPart3.csproj", "{B19CA2DB-1BB2-4971-9F1D-1458B43EBB06}"
EndProject
Project("{FAE04EC0-301F-11D3-BF4B-00C04F79EFBC}") = "Week2LinqPart4", "Week2LinqPart4\Week2LinqPart4.csproj", "{E88559D8-5AB9-4A03-8DD2-F9F63322ED86}"
EndProject
Global
	GlobalSection(SolutionConfigurationPlatforms) = preSolution
		Debug|Any CPU = Debug|Any CPU
		Release|Any CPU = Release|Any CPU
	EndGlobalSection
	GlobalSection(ProjectConfigurationPlatforms) = postSolution
		{C7C629AA-E90E-4B94-AD51-64CF32FFEE4A}.Debug|Any CPU.ActiveCfg = Debug|Any CPU
		{C7C629AA-E90E-4B94-AD51-64CF32FFEE4A}.Debug|Any CPU.Build.0 = Debug|Any CPU
		{C7C629AA-E90E-4B94-AD51-64CF32FFEE4A}.Release|Any CPU.ActiveCfg = Release|Any CPU
		{C7C629AA-E90E-4B94-AD51-64CF32FFEE4A}.Release|Any CPU.Build.0 = Release|Any CPU
		{81B9D473-4892-48CC-8C70-7E62D2AA1B85}.Debug|Any CPU.ActiveCfg = Debug|Any CPU
		{81B9D473-4892-48CC-8C70-7E62D2AA1B85}.Debug|Any CPU.Build.0 = Debug|Any CPU
		{81B9D473-4892-48CC-8C70-7E62D2AA1B85}.Release|Any CPU.ActiveCfg = Release|Any CPU
		{81B9D473-4892-48CC-8C70-7E62D2AA1B85}.Release|Any CPU.Build.0 = Release|Any CPU
		{8E8AC959-3D80-4458-BE1D-AC1EC1E610ED}.Debug|Any CPU.ActiveCfg = Debug|Any CPU
		{8E8AC959-3D80-4458-BE1D-AC1EC1E610ED}.Debug|Any CPU.Build.0 = Debug|Any CPU
		{8E8AC959-3D80-4458-BE1D-AC1EC1E610ED}.Release|Any CPU.ActiveCfg = Release|Any CPU
		{8E8AC959-3D80-4458-BE1D-AC1EC1E610ED}.Release|Any CPU.Build.0 = Release|Any CPU
		{335A2D91-1CD5-42D6-B3A6-F4B8DE0985BD}.Debug|Any CPU.ActiveCfg = Debug|Any CPU
		{335A2D91-1CD5-42D6-B3A6-F4B8DE0985BD}.Debug|Any CPU.Build.0 = Debug|Any CPU
		{335A2D91-1CD5-42D6-B3A6-F4B8DE0985BD}.Release|Any CPU.ActiveCfg = Release|Any CPU
		{335A2D91-1CD5-42D6-B3A6-F4B8DE0985BD}.Release|Any CPU.Build.0 = Release|Any CPU
		{B19CA2DB-1BB2-4971-9F1D-1458B43EBB06}.Debug|Any CPU.ActiveCfg = Debug|Any CPU
		{B19CA2DB-1BB2-4971-9F1D-1458B43EBB06}.Debug|Any CPU.Build.0 = Debug|Any CPU
		{B19CA2DB-1BB2-4971-9F1D-1458B43EBB06}.Release|Any CPU.ActiveCfg = Release|Any CPU
		{B19CA2DB-1BB2-4971-9F1D-1458B43EBB06}.Release|Any CPU.Build.0 = Release|Any CPU
		{E88559D8-5AB9-4A03-8DD2-F9F63322ED86}.Debug|Any CPU.ActiveCfg = Debug|Any CPU
		{E88559D8-5AB9-4A03-8DD2-F9F63322ED86}.Debug|Any CPU.Build.0 = Debug|Any CPU
		{E88559D8-5AB9-4A03-8DD2-F9F63322ED86}.Release|Any CPU.ActiveCfg = Release|Any CPU
		{E88559D8-5AB9-4A03-8DD2-F9F63322ED86}.Release|Any CPU.Build.0 = Release|Any CPU
	EndGlobalSection
	GlobalSection(SolutionProperties) = preSolution
		HideSolutionNode = FALSE
	EndGlobalSection
	GlobalSection(NestedProjects) = preSolution
		{C7C629AA-E90E-4B94-AD51-64CF32FFEE4A} = {28948D00-C7A7-4B2B-8001-42CB7325D41A}
		{81B9D473-4892-48CC-8C70-7E62D2AA1B85} = {28948D00-C7A7-4B2B-8001-42CB7325D41A}
		{8E8AC959-3D80-4458-BE1D-AC1EC1E610ED} = {5A80BDF5-4EF4-4D5A-A2B2-A753B03EA21B}
		{335A2D91-1CD5-42D6-B3A6-F4B8DE0985BD} = {5A80BDF5-4EF4-4D5A-A2B2-A753B03EA21B}
		{B19CA2DB-1BB2-4971-9F1D-1458B43EBB06} = {5A80BDF5-4EF4-4D5A-A2B2-A753B03EA21B}
		{E88559D8-5AB9-4A03-8DD2-F9F63322ED86} = {5A80BDF5-4EF4-4D5A-A2B2-A753B03EA21B}
	EndGlobalSection
	GlobalSection(ExtensibilityGlobals) = postSolution
		SolutionGuid = {8B72C785-24F3-448B-A118-47850E701450}
	EndGlobalSection
EndGlobal
