
Microsoft Visual Studio Solution File, Format Version 12.00
# Visual Studio 15
VisualStudioVersion = 15.0.28307.168
MinimumVisualStudioVersion = 10.0.40219.1
Project("{2150E333-8FDC-42A3-9474-1A3956D46DE8}") = "Week1", "Week1", "{28948D00-C7A7-4B2B-8001-42CB7325D41A}"
EndProject
Project("{9A19103F-16F7-4668-BE54-9A1E7A4F7556}") = "Week1Content", "Week1Content\Week1Content.csproj", "{C7C629AA-E90E-4B94-AD51-64CF32FFEE4A}"
EndProject
Project("{2150E333-8FDC-42A3-9474-1A3956D46DE8}") = "Week2", "Week2", "{5A80BDF5-4EF4-4D5A-A2B2-A753B03EA21B}"
EndProject
Project("{9A19103F-16F7-4668-BE54-9A1E7A4F7556}") = "Week1ContentTests", "Week1ContentTests\Week1ContentTests.csproj", "{81B9D473-4892-48CC-8C70-7E62D2AA1B85}"
EndProject
Project("{9A19103F-16F7-4668-BE54-9A1E7A4F7556}") = "Week2Content", "Week2Content\Week2Content.csproj", "{8E8AC959-3D80-4458-BE1D-AC1EC1E610ED}"
EndProject
Project("{9A19103F-16F7-4668-BE54-9A1E7A4F7556}") = "Week2LinqPart2", "Week2LinqPart2\Week2LinqPart2.csproj", "{335A2D91-1CD5-42D6-B3A6-F4B8DE0985BD}"
EndProject
Project("{9A19103F-16F7-4668-BE54-9A1E7A4F7556}") = "Week2LinqPart3", "Week2LinqPart3\Week2LinqPart3.csproj", "{B19CA2DB-1BB2-4971-9F1D-1458B43EBB06}"
EndProject
Project("{9A19103F-16F7-4668-BE54-9A1E7A4F7556}") = "Week2LinqPart4", "Week2LinqPart4\Week2LinqPart4.csproj", "{E88559D8-5AB9-4A03-8DD2-F9F63322ED86}"
EndProject
Project("{9A19103F-16F7-4668-BE54-9A1E7A4F7556}") = "Week2ExpressionLambdas", "Week2ExpressionLambdas\Week2ExpressionLambdas.csproj", "{1ED07176-4BC0-4DB3-934C-430073202A84}"
EndProject
Project("{9A19103F-16F7-4668-BE54-9A1E7A4F7556}") = "Week2FuncExpression", "Week2FuncExpression\Week2FuncExpression.csproj", "{EDC26F46-A7D6-4362-9EF2-2DD152B0628A}"
EndProject
Project("{9A19103F-16F7-4668-BE54-9A1E7A4F7556}") = "Week2Expression", "Week2Expression\Week2Expression.csproj", "{73C08478-E602-43D0-8D0B-174BF23CE814}"
EndProject
Project("{9A19103F-16F7-4668-BE54-9A1E7A4F7556}") = "Week2AsyncLambda", "Week2AsyncLambda\Week2AsyncLambda.csproj", "{36F964FC-C930-434B-A605-2CB964CEFD3D}"
EndProject
Project("{9A19103F-16F7-4668-BE54-9A1E7A4F7556}") = "Week2LinqPart5", "Week2LinqPart5\Week2LinqPart5.csproj", "{DEB44D33-06E8-4CE1-827F-F0152F147321}"
EndProject
Project("{2150E333-8FDC-42A3-9474-1A3956D46DE8}") = "Week3", "Week3", "{4688D597-E078-4CCD-A04C-336BCFD70D9C}"
EndProject
Project("{9A19103F-16F7-4668-BE54-9A1E7A4F7556}") = "Week3ExpressionTrees", "Week3ExpressionTrees\Week3ExpressionTrees.csproj", "{42069EA2-3441-4E51-BF16-EEA028E00D63}"
EndProject
Project("{9A19103F-16F7-4668-BE54-9A1E7A4F7556}") = "Week3ExpressionTypes", "Week3ExpressionTypes\Week3ExpressionTypes.csproj", "{4218EBC4-1604-487B-ABAF-DDC2BEF8F573}"
EndProject
Project("{9A19103F-16F7-4668-BE54-9A1E7A4F7556}") = "Week3BinaryExpressions", "Week3BinaryExpressions\Week3BinaryExpressions.csproj", "{10518D58-4223-41AA-AADF-D93070CFF26A}"
EndProject
Project("{9A19103F-16F7-4668-BE54-9A1E7A4F7556}") = "Week3ConstantExpressions", "Week3ConstantExpressions\Week3ConstantExpressions.csproj", "{A0E679A9-D2B1-47C7-A8E9-A35FE326065E}"
EndProject
Project("{9A19103F-16F7-4668-BE54-9A1E7A4F7556}") = "Week3PropertyExpressions", "Week3PropertyExpressions\Week3PropertyExpressions.csproj", "{194A5468-D7E4-4CA4-94B4-E2D7C33F1896}"
EndProject
Project("{FAE04EC0-301F-11D3-BF4B-00C04F79EFBC}") = "Week3ParameterExpressions", "Week3ParameterExpressions\Week3ParameterExpressions.csproj", "{08058516-65EC-49E1-AB5F-CED34AF3F6BC}"
EndProject
Project("{FAE04EC0-301F-11D3-BF4B-00C04F79EFBC}") = "Week3MethodCallExpressions", "Week3MethodCallExpressions\Week3MethodCallExpressions.csproj", "{C6C2C240-CBBE-4006-9F77-6F9CFCE3FA49}"
EndProject
Project("{FAE04EC0-301F-11D3-BF4B-00C04F79EFBC}") = "Week3ExpressionVisitor", "Week3ExpressionVisitor\Week3ExpressionVisitor.csproj", "{3C268565-11A7-427C-90C0-44261BC7C63A}"
EndProject
Global
	GlobalSection(SolutionConfigurationPlatforms) = preSolution
		Debug|Any CPU = Debug|Any CPU
		Release|Any CPU = Release|Any CPU
	EndGlobalSection
	GlobalSection(ProjectConfigurationPlatforms) = postSolution
		{C7C629AA-E90E-4B94-AD51-64CF32FFEE4A}.Debug|Any CPU.ActiveCfg = Debug|Any CPU
		{C7C629AA-E90E-4B94-AD51-64CF32FFEE4A}.Debug|Any CPU.Build.0 = Debug|Any CPU
		{C7C629AA-E90E-4B94-AD51-64CF32FFEE4A}.Release|Any CPU.ActiveCfg = Release|Any CPU
		{C7C629AA-E90E-4B94-AD51-64CF32FFEE4A}.Release|Any CPU.Build.0 = Release|Any CPU
		{81B9D473-4892-48CC-8C70-7E62D2AA1B85}.Debug|Any CPU.ActiveCfg = Debug|Any CPU
		{81B9D473-4892-48CC-8C70-7E62D2AA1B85}.Debug|Any CPU.Build.0 = Debug|Any CPU
		{81B9D473-4892-48CC-8C70-7E62D2AA1B85}.Release|Any CPU.ActiveCfg = Release|Any CPU
		{81B9D473-4892-48CC-8C70-7E62D2AA1B85}.Release|Any CPU.Build.0 = Release|Any CPU
		{8E8AC959-3D80-4458-BE1D-AC1EC1E610ED}.Debug|Any CPU.ActiveCfg = Debug|Any CPU
		{8E8AC959-3D80-4458-BE1D-AC1EC1E610ED}.Debug|Any CPU.Build.0 = Debug|Any CPU
		{8E8AC959-3D80-4458-BE1D-AC1EC1E610ED}.Release|Any CPU.ActiveCfg = Release|Any CPU
		{8E8AC959-3D80-4458-BE1D-AC1EC1E610ED}.Release|Any CPU.Build.0 = Release|Any CPU
		{335A2D91-1CD5-42D6-B3A6-F4B8DE0985BD}.Debug|Any CPU.ActiveCfg = Debug|Any CPU
		{335A2D91-1CD5-42D6-B3A6-F4B8DE0985BD}.Debug|Any CPU.Build.0 = Debug|Any CPU
		{335A2D91-1CD5-42D6-B3A6-F4B8DE0985BD}.Release|Any CPU.ActiveCfg = Release|Any CPU
		{335A2D91-1CD5-42D6-B3A6-F4B8DE0985BD}.Release|Any CPU.Build.0 = Release|Any CPU
		{B19CA2DB-1BB2-4971-9F1D-1458B43EBB06}.Debug|Any CPU.ActiveCfg = Debug|Any CPU
		{B19CA2DB-1BB2-4971-9F1D-1458B43EBB06}.Debug|Any CPU.Build.0 = Debug|Any CPU
		{B19CA2DB-1BB2-4971-9F1D-1458B43EBB06}.Release|Any CPU.ActiveCfg = Release|Any CPU
		{B19CA2DB-1BB2-4971-9F1D-1458B43EBB06}.Release|Any CPU.Build.0 = Release|Any CPU
		{E88559D8-5AB9-4A03-8DD2-F9F63322ED86}.Debug|Any CPU.ActiveCfg = Debug|Any CPU
		{E88559D8-5AB9-4A03-8DD2-F9F63322ED86}.Debug|Any CPU.Build.0 = Debug|Any CPU
		{E88559D8-5AB9-4A03-8DD2-F9F63322ED86}.Release|Any CPU.ActiveCfg = Release|Any CPU
		{E88559D8-5AB9-4A03-8DD2-F9F63322ED86}.Release|Any CPU.Build.0 = Release|Any CPU
		{1ED07176-4BC0-4DB3-934C-430073202A84}.Debug|Any CPU.ActiveCfg = Debug|Any CPU
		{1ED07176-4BC0-4DB3-934C-430073202A84}.Debug|Any CPU.Build.0 = Debug|Any CPU
		{1ED07176-4BC0-4DB3-934C-430073202A84}.Release|Any CPU.ActiveCfg = Release|Any CPU
		{1ED07176-4BC0-4DB3-934C-430073202A84}.Release|Any CPU.Build.0 = Release|Any CPU
		{EDC26F46-A7D6-4362-9EF2-2DD152B0628A}.Debug|Any CPU.ActiveCfg = Debug|Any CPU
		{EDC26F46-A7D6-4362-9EF2-2DD152B0628A}.Debug|Any CPU.Build.0 = Debug|Any CPU
		{EDC26F46-A7D6-4362-9EF2-2DD152B0628A}.Release|Any CPU.ActiveCfg = Release|Any CPU
		{EDC26F46-A7D6-4362-9EF2-2DD152B0628A}.Release|Any CPU.Build.0 = Release|Any CPU
		{73C08478-E602-43D0-8D0B-174BF23CE814}.Debug|Any CPU.ActiveCfg = Debug|Any CPU
		{73C08478-E602-43D0-8D0B-174BF23CE814}.Debug|Any CPU.Build.0 = Debug|Any CPU
		{73C08478-E602-43D0-8D0B-174BF23CE814}.Release|Any CPU.ActiveCfg = Release|Any CPU
		{73C08478-E602-43D0-8D0B-174BF23CE814}.Release|Any CPU.Build.0 = Release|Any CPU
		{36F964FC-C930-434B-A605-2CB964CEFD3D}.Debug|Any CPU.ActiveCfg = Debug|Any CPU
		{36F964FC-C930-434B-A605-2CB964CEFD3D}.Debug|Any CPU.Build.0 = Debug|Any CPU
		{36F964FC-C930-434B-A605-2CB964CEFD3D}.Release|Any CPU.ActiveCfg = Release|Any CPU
		{36F964FC-C930-434B-A605-2CB964CEFD3D}.Release|Any CPU.Build.0 = Release|Any CPU
		{DEB44D33-06E8-4CE1-827F-F0152F147321}.Debug|Any CPU.ActiveCfg = Debug|Any CPU
		{DEB44D33-06E8-4CE1-827F-F0152F147321}.Debug|Any CPU.Build.0 = Debug|Any CPU
		{DEB44D33-06E8-4CE1-827F-F0152F147321}.Release|Any CPU.ActiveCfg = Release|Any CPU
		{DEB44D33-06E8-4CE1-827F-F0152F147321}.Release|Any CPU.Build.0 = Release|Any CPU
		{42069EA2-3441-4E51-BF16-EEA028E00D63}.Debug|Any CPU.ActiveCfg = Debug|Any CPU
		{42069EA2-3441-4E51-BF16-EEA028E00D63}.Debug|Any CPU.Build.0 = Debug|Any CPU
		{42069EA2-3441-4E51-BF16-EEA028E00D63}.Release|Any CPU.ActiveCfg = Release|Any CPU
		{42069EA2-3441-4E51-BF16-EEA028E00D63}.Release|Any CPU.Build.0 = Release|Any CPU
		{4218EBC4-1604-487B-ABAF-DDC2BEF8F573}.Debug|Any CPU.ActiveCfg = Debug|Any CPU
		{4218EBC4-1604-487B-ABAF-DDC2BEF8F573}.Debug|Any CPU.Build.0 = Debug|Any CPU
		{4218EBC4-1604-487B-ABAF-DDC2BEF8F573}.Release|Any CPU.ActiveCfg = Release|Any CPU
		{4218EBC4-1604-487B-ABAF-DDC2BEF8F573}.Release|Any CPU.Build.0 = Release|Any CPU
		{10518D58-4223-41AA-AADF-D93070CFF26A}.Debug|Any CPU.ActiveCfg = Debug|Any CPU
		{10518D58-4223-41AA-AADF-D93070CFF26A}.Debug|Any CPU.Build.0 = Debug|Any CPU
		{10518D58-4223-41AA-AADF-D93070CFF26A}.Release|Any CPU.ActiveCfg = Release|Any CPU
		{10518D58-4223-41AA-AADF-D93070CFF26A}.Release|Any CPU.Build.0 = Release|Any CPU
		{A0E679A9-D2B1-47C7-A8E9-A35FE326065E}.Debug|Any CPU.ActiveCfg = Debug|Any CPU
		{A0E679A9-D2B1-47C7-A8E9-A35FE326065E}.Debug|Any CPU.Build.0 = Debug|Any CPU
		{A0E679A9-D2B1-47C7-A8E9-A35FE326065E}.Release|Any CPU.ActiveCfg = Release|Any CPU
		{A0E679A9-D2B1-47C7-A8E9-A35FE326065E}.Release|Any CPU.Build.0 = Release|Any CPU
		{194A5468-D7E4-4CA4-94B4-E2D7C33F1896}.Debug|Any CPU.ActiveCfg = Debug|Any CPU
		{194A5468-D7E4-4CA4-94B4-E2D7C33F1896}.Debug|Any CPU.Build.0 = Debug|Any CPU
		{194A5468-D7E4-4CA4-94B4-E2D7C33F1896}.Release|Any CPU.ActiveCfg = Release|Any CPU
		{194A5468-D7E4-4CA4-94B4-E2D7C33F1896}.Release|Any CPU.Build.0 = Release|Any CPU
		{08058516-65EC-49E1-AB5F-CED34AF3F6BC}.Debug|Any CPU.ActiveCfg = Debug|Any CPU
		{08058516-65EC-49E1-AB5F-CED34AF3F6BC}.Debug|Any CPU.Build.0 = Debug|Any CPU
		{08058516-65EC-49E1-AB5F-CED34AF3F6BC}.Release|Any CPU.ActiveCfg = Release|Any CPU
		{08058516-65EC-49E1-AB5F-CED34AF3F6BC}.Release|Any CPU.Build.0 = Release|Any CPU
		{C6C2C240-CBBE-4006-9F77-6F9CFCE3FA49}.Debug|Any CPU.ActiveCfg = Debug|Any CPU
		{C6C2C240-CBBE-4006-9F77-6F9CFCE3FA49}.Debug|Any CPU.Build.0 = Debug|Any CPU
		{C6C2C240-CBBE-4006-9F77-6F9CFCE3FA49}.Release|Any CPU.ActiveCfg = Release|Any CPU
		{C6C2C240-CBBE-4006-9F77-6F9CFCE3FA49}.Release|Any CPU.Build.0 = Release|Any CPU
		{3C268565-11A7-427C-90C0-44261BC7C63A}.Debug|Any CPU.ActiveCfg = Debug|Any CPU
		{3C268565-11A7-427C-90C0-44261BC7C63A}.Debug|Any CPU.Build.0 = Debug|Any CPU
		{3C268565-11A7-427C-90C0-44261BC7C63A}.Release|Any CPU.ActiveCfg = Release|Any CPU
		{3C268565-11A7-427C-90C0-44261BC7C63A}.Release|Any CPU.Build.0 = Release|Any CPU
	EndGlobalSection
	GlobalSection(SolutionProperties) = preSolution
		HideSolutionNode = FALSE
	EndGlobalSection
	GlobalSection(NestedProjects) = preSolution
		{C7C629AA-E90E-4B94-AD51-64CF32FFEE4A} = {28948D00-C7A7-4B2B-8001-42CB7325D41A}
		{81B9D473-4892-48CC-8C70-7E62D2AA1B85} = {28948D00-C7A7-4B2B-8001-42CB7325D41A}
		{8E8AC959-3D80-4458-BE1D-AC1EC1E610ED} = {5A80BDF5-4EF4-4D5A-A2B2-A753B03EA21B}
		{335A2D91-1CD5-42D6-B3A6-F4B8DE0985BD} = {5A80BDF5-4EF4-4D5A-A2B2-A753B03EA21B}
		{B19CA2DB-1BB2-4971-9F1D-1458B43EBB06} = {5A80BDF5-4EF4-4D5A-A2B2-A753B03EA21B}
		{E88559D8-5AB9-4A03-8DD2-F9F63322ED86} = {5A80BDF5-4EF4-4D5A-A2B2-A753B03EA21B}
		{1ED07176-4BC0-4DB3-934C-430073202A84} = {5A80BDF5-4EF4-4D5A-A2B2-A753B03EA21B}
		{EDC26F46-A7D6-4362-9EF2-2DD152B0628A} = {5A80BDF5-4EF4-4D5A-A2B2-A753B03EA21B}
		{73C08478-E602-43D0-8D0B-174BF23CE814} = {5A80BDF5-4EF4-4D5A-A2B2-A753B03EA21B}
		{36F964FC-C930-434B-A605-2CB964CEFD3D} = {5A80BDF5-4EF4-4D5A-A2B2-A753B03EA21B}
		{DEB44D33-06E8-4CE1-827F-F0152F147321} = {5A80BDF5-4EF4-4D5A-A2B2-A753B03EA21B}
		{42069EA2-3441-4E51-BF16-EEA028E00D63} = {4688D597-E078-4CCD-A04C-336BCFD70D9C}
		{4218EBC4-1604-487B-ABAF-DDC2BEF8F573} = {4688D597-E078-4CCD-A04C-336BCFD70D9C}
		{10518D58-4223-41AA-AADF-D93070CFF26A} = {4688D597-E078-4CCD-A04C-336BCFD70D9C}
		{A0E679A9-D2B1-47C7-A8E9-A35FE326065E} = {4688D597-E078-4CCD-A04C-336BCFD70D9C}
		{194A5468-D7E4-4CA4-94B4-E2D7C33F1896} = {4688D597-E078-4CCD-A04C-336BCFD70D9C}
		{08058516-65EC-49E1-AB5F-CED34AF3F6BC} = {4688D597-E078-4CCD-A04C-336BCFD70D9C}
		{C6C2C240-CBBE-4006-9F77-6F9CFCE3FA49} = {4688D597-E078-4CCD-A04C-336BCFD70D9C}
		{3C268565-11A7-427C-90C0-44261BC7C63A} = {4688D597-E078-4CCD-A04C-336BCFD70D9C}
	EndGlobalSection
	GlobalSection(ExtensibilityGlobals) = postSolution
		SolutionGuid = {8B72C785-24F3-448B-A118-47850E701450}
	EndGlobalSection
EndGlobal
